
Microsoft Visual Studio Solution File, Format Version 12.00
# Visual Studio 15
VisualStudioVersion = 15.0.27130.2020
MinimumVisualStudioVersion = 10.0.40219.1
Project("{FAE04EC0-301F-11D3-BF4B-00C04F79EFBC}") = "задание 5 лаба 2", "задание 5 лаба 2\задание 5 лаба 2.csproj", "{DB6FEA41-2F78-4A66-AF92-1D4C38CA17F9}"
EndProject
Global
	GlobalSection(SolutionConfigurationPlatforms) = preSolution
		Debug|Any CPU = Debug|Any CPU
		Release|Any CPU = Release|Any CPU
	EndGlobalSection
	GlobalSection(ProjectConfigurationPlatforms) = postSolution
		{DB6FEA41-2F78-4A66-AF92-1D4C38CA17F9}.Debug|Any CPU.ActiveCfg = Debug|Any CPU
		{DB6FEA41-2F78-4A66-AF92-1D4C38CA17F9}.Debug|Any CPU.Build.0 = Debug|Any CPU
		{DB6FEA41-2F78-4A66-AF92-1D4C38CA17F9}.Release|Any CPU.ActiveCfg = Release|Any CPU
		{DB6FEA41-2F78-4A66-AF92-1D4C38CA17F9}.Release|Any CPU.Build.0 = Release|Any CPU
	EndGlobalSection
	GlobalSection(SolutionProperties) = preSolution
		HideSolutionNode = FALSE
	EndGlobalSection
	GlobalSection(ExtensibilityGlobals) = postSolution
		SolutionGuid = {342CA482-B6B7-47C5-8EB8-6AEC294AC0F2}
	EndGlobalSection
EndGlobal
